[[package]]
category = "dev"
description = "A small Python module for determining appropriate platform-specific dirs, e.g. a \"user data dir\"."
name = "appdirs"
optional = false
python-versions = "*"
version = "1.4.3"

[[package]]
category = "main"
description = "A cross-platform package to replace curses (mouse/keyboard input & text colours/positioning) and create ASCII animations"
name = "asciimatics"
optional = true
python-versions = "*"
version = "1.11.0"

[package.dependencies]
Pillow = ">=2.7.0"
future = "*"
pyfiglet = ">=0.7.2"
pypiwin32 = "*"
wcwidth = "*"

[[package]]
category = "dev"
description = "A few extensions to pyyaml."
name = "aspy.yaml"
optional = false
python-versions = ">=2.7, !=3.0.*, !=3.1.*, !=3.2.*, !=3.3.*"
version = "1.3.0"

[package.dependencies]
pyyaml = "*"

[[package]]
category = "dev"
description = "Atomic file writes."
name = "atomicwrites"
optional = false
python-versions = ">=2.7, !=3.0.*, !=3.1.*, !=3.2.*, !=3.3.*"
version = "1.3.0"

[[package]]
category = "dev"
description = "Classes Without Boilerplate"
name = "attrs"
optional = false
python-versions = ">=2.7, !=3.0.*, !=3.1.*, !=3.2.*, !=3.3.*"
version = "19.1.0"

[package.extras]
dev = ["coverage", "hypothesis", "pympler", "pytest", "six", "zope.interface", "sphinx", "pre-commit"]
docs = ["sphinx", "zope.interface"]
tests = ["coverage", "hypothesis", "pympler", "pytest", "six", "zope.interface"]

[[package]]
category = "dev"
description = "The uncompromising code formatter."
name = "black"
optional = false
python-versions = ">=3.6"
version = "19.3b0"

[package.dependencies]
appdirs = "*"
attrs = ">=18.1.0"
click = ">=6.5"
toml = ">=0.9.4"

[package.extras]
d = ["aiohttp (>=3.3.2)", "aiohttp-cors"]

[[package]]
category = "main"
description = ""
name = "blueye.protocol"
optional = false
python-versions = "^3.7"
version = "1.1.1"

[package.dependencies]
numpy = "^1.17"

[package.source]
reference = ""
type = "directory"
url = "../blueye.protocol"

[[package]]
category = "dev"
description = "Python package for providing Mozilla's CA Bundle."
name = "certifi"
optional = false
python-versions = "*"
version = "2019.9.11"

[[package]]
category = "dev"
description = "Validate configuration and produce human readable error messages."
name = "cfgv"
optional = false
python-versions = ">=2.7, !=3.0.*, !=3.1.*, !=3.2.*, !=3.3.*"
version = "2.0.1"

[package.dependencies]
six = "*"

[[package]]
category = "dev"
description = "Universal encoding detector for Python 2 and 3"
name = "chardet"
optional = false
python-versions = "*"
version = "3.0.4"

[[package]]
category = "dev"
description = "Composable command line interface toolkit"
name = "click"
optional = false
python-versions = ">=2.7, !=3.0.*, !=3.1.*, !=3.2.*, !=3.3.*"
version = "7.0"

[[package]]
category = "dev"
description = "Cross-platform colored terminal text."
marker = "sys_platform == \"win32\""
name = "colorama"
optional = false
python-versions = ">=2.7, !=3.0.*, !=3.1.*, !=3.2.*, !=3.3.*"
version = "0.4.1"

[[package]]
category = "dev"
description = "Discover and load entry points from installed packages."
name = "entrypoints"
optional = false
python-versions = ">=2.7"
version = "0.3"

[[package]]
category = "dev"
description = "An unladen web framework for building APIs and app backends."
name = "falcon"
optional = false
python-versions = ">=2.7, !=3.0.*, !=3.1.*, !=3.2.*, !=3.3.*"
version = "2.0.0"

[[package]]
category = "dev"
description = "the modular source code checker: pep8, pyflakes and co"
name = "flake8"
optional = false
python-versions = ">=2.7, !=3.0.*, !=3.1.*, !=3.2.*, !=3.3.*"
version = "3.7.8"

[package.dependencies]
entrypoints = ">=0.3.0,<0.4.0"
mccabe = ">=0.6.0,<0.7.0"
pycodestyle = ">=2.5.0,<2.6.0"
pyflakes = ">=2.1.0,<2.2.0"

[[package]]
category = "main"
description = "Clean single-source support for Python 3 and 2"
name = "future"
optional = true
python-versions = ">=2.6, !=3.0.*, !=3.1.*, !=3.2.*"
version = "0.17.1"

[[package]]
category = "dev"
description = "Git Object Database"
name = "gitdb2"
optional = false
python-versions = ">=2.7, !=3.0.*, !=3.1.*, !=3.2.*, !=3.3.*"
version = "2.0.5"

[package.dependencies]
smmap2 = ">=2.0.0"

[[package]]
category = "dev"
description = "Python Git Library"
name = "gitpython"
optional = false
python-versions = ">=3.0, !=3.0.*, !=3.1.*, !=3.2.*, !=3.3.*"
version = "3.0.2"

[package.dependencies]
gitdb2 = ">=2.0.0"

[[package]]
category = "dev"
description = "An HTML Minifier"
name = "htmlmin"
optional = false
python-versions = "*"
version = "0.1.12"

[[package]]
category = "dev"
description = "A Python framework that makes developing APIs as simple as possible, but no simpler."
name = "hug"
optional = false
python-versions = ">=3.5"
version = "2.6.0"

[package.dependencies]
falcon = "2.0.0"
requests = "*"

[[package]]
category = "dev"
description = "File identification library for Python"
name = "identify"
optional = false
python-versions = ">=2.7, !=3.0.*, !=3.1.*, !=3.2.*, !=3.3.*"
version = "1.4.7"

[package.extras]
license = ["editdistance"]

[[package]]
category = "dev"
description = "Internationalized Domain Names in Applications (IDNA)"
name = "idna"
optional = false
python-versions = ">=2.7, !=3.0.*, !=3.1.*, !=3.2.*, !=3.3.*"
version = "2.8"

[[package]]
category = "dev"
description = "Read metadata from Python packages"
name = "importlib-metadata"
optional = false
python-versions = ">=2.7,!=3.0,!=3.1,!=3.2,!=3.3"
version = "0.23"

[package.dependencies]
zipp = ">=0.5"

[package.extras]
docs = ["sphinx", "rst.linker"]
testing = ["packaging", "importlib-resources"]

[[package]]
category = "dev"
description = "A small but fast and easy to use stand-alone template engine written in pure python."
name = "jinja2"
optional = false
python-versions = "*"
version = "2.10.1"

[package.dependencies]
MarkupSafe = ">=0.23"

[package.extras]
i18n = ["Babel (>=0.8)"]

[[package]]
category = "dev"
description = "JavaScript minifier."
name = "jsmin"
optional = false
python-versions = "*"
version = "2.2.2"

[[package]]
category = "dev"
description = "Python LiveReload is an awesome tool for web developers"
name = "livereload"
optional = false
python-versions = "*"
version = "2.6.1"

[package.dependencies]
six = "*"
tornado = "*"

[[package]]
category = "dev"
description = "A super-fast templating language that borrows the  best ideas from the existing templating languages."
name = "mako"
optional = false
python-versions = ">=2.7, !=3.0.*, !=3.1.*, !=3.2.*, !=3.3.*"
version = "1.1.0"

[package.dependencies]
MarkupSafe = ">=0.9.2"

[[package]]
category = "dev"
description = "Python implementation of Markdown."
name = "markdown"
optional = false
python-versions = ">=2.7,!=3.0.*,!=3.1.*,!=3.2.*,!=3.3.*,!=3.4.*"
version = "3.1.1"

[package.dependencies]
setuptools = ">=36"

[package.extras]
testing = ["coverage", "pyyaml"]

[[package]]
category = "dev"
description = "Safely add untrusted strings to HTML/XML markup."
name = "markupsafe"
optional = false
python-versions = ">=2.7,!=3.0.*,!=3.1.*,!=3.2.*,!=3.3.*"
version = "1.1.1"

[[package]]
category = "dev"
description = "McCabe checker, plugin for flake8"
name = "mccabe"
optional = false
python-versions = "*"
version = "0.6.1"

[[package]]
category = "dev"
description = "Project documentation with Markdown."
name = "mkdocs"
optional = false
python-versions = ">=2.7.9,!=3.0.*,!=3.1.*,!=3.2.*,!=3.3.*"
version = "1.0.4"

[package.dependencies]
Jinja2 = ">=2.7.1"
Markdown = ">=2.3.1"
PyYAML = ">=3.10"
click = ">=3.3"
livereload = ">=2.5.1"
tornado = ">=5.0"

[[package]]
category = "dev"
description = "Unleash the power of MkDocs with macros and variables"
name = "mkdocs-macros-plugin"
optional = false
python-versions = ">=3.5"
version = "0.2.4"

[package.dependencies]
jinja2 = "*"
mkdocs = [">=0.17", "*"]
repackage = "*"

[[package]]
category = "dev"
description = "A Material Design theme for MkDocs"
name = "mkdocs-material"
optional = false
python-versions = "*"
version = "4.4.2"

[package.dependencies]
Pygments = ">=2.2"
mkdocs = ">=1"
mkdocs-minify-plugin = ">=0.2"
pymdown-extensions = ">=4.11"

[[package]]
category = "dev"
description = "An MkDocs plugin to minify HTML and/or JS files prior to being written to disk"
name = "mkdocs-minify-plugin"
optional = false
python-versions = ">=2.7"
version = "0.2.1"

[package.dependencies]
htmlmin = ">=0.1.4"
jsmin = ">=2.2.2"
mkdocs = ">=1.0.4"

[[package]]
category = "dev"
description = "More routines for operating on iterables, beyond itertools"
name = "more-itertools"
optional = false
python-versions = ">=3.4"
version = "7.2.0"

[[package]]
category = "dev"
description = "Node.js virtual environment builder"
name = "nodeenv"
optional = false
python-versions = "*"
version = "1.3.3"

[[package]]
category = "main"
description = "NumPy is the fundamental package for array computing with Python."
name = "numpy"
optional = false
python-versions = ">=3.5"
version = "1.17.2"

[[package]]
category = "dev"
description = "Core utilities for Python packages"
name = "packaging"
optional = false
python-versions = ">=2.7, !=3.0.*, !=3.1.*, !=3.2.*, !=3.3.*"
version = "19.1"

[package.dependencies]
attrs = "*"
pyparsing = ">=2.0.2"
six = "*"

[[package]]
category = "dev"
description = "A simple program and library to auto generate API documentation for Python modules."
name = "pdocs"
optional = false
python-versions = ">=3.6,<4.0"
version = "1.0.1"

[package.dependencies]
Mako = ">=1.1,<2.0"
Markdown = ">=3.0.0,<4.0.0"
hug = ">=2.6,<3.0"

[[package]]
category = "dev"
description = "Backport of PEP 562."
name = "pep562"
optional = false
python-versions = "*"
version = "1.0"

[[package]]
category = "main"
description = "Python Imaging Library (Fork)"
name = "pillow"
optional = true
python-versions = ">=2.7, !=3.0.*, !=3.1.*, !=3.2.*, !=3.3.*, !=3.4.*"
version = "6.1.0"

[[package]]
category = "dev"
description = "plugin and hook calling mechanisms for python"
name = "pluggy"
optional = false
python-versions = ">=2.7, !=3.0.*, !=3.1.*, !=3.2.*, !=3.3.*"
version = "0.13.0"

[package.dependencies]
[package.dependencies.importlib-metadata]
python = "<3.8"
version = ">=0.12"

[package.extras]
dev = ["pre-commit", "tox"]

[[package]]
category = "dev"
description = "Your Project with Great Documentation"
name = "portray"
optional = false
python-versions = ">=3.6,<4.0"
version = "1.3.0"

[package.dependencies]
GitPython = ">=3.0,<4.0"
hug = ">=2.6,<3.0"
mkdocs = ">=1.0,<2.0"
mkdocs-material = ">=4.4,<5.0"
pdocs = ">=1.0,<2.0"
pymdown-extensions = ">=6.0,<7.0"
toml = ">=0.10.0,<0.11.0"
yaspin = "0.15.0"

[[package]]
category = "dev"
description = "A framework for managing and maintaining multi-language pre-commit hooks."
name = "pre-commit"
optional = false
python-versions = ">=2.7, !=3.0.*, !=3.1.*, !=3.2.*, !=3.3.*"
version = "1.18.3"

[package.dependencies]
"aspy.yaml" = "*"
cfgv = ">=2.0.0"
identify = ">=1.0.0"
importlib-metadata = "*"
nodeenv = ">=0.11.1"
pyyaml = "*"
six = "*"
toml = "*"
virtualenv = ">=15.2"

[[package]]
category = "dev"
description = "library with cross-python path, ini-parsing, io, code, log facilities"
name = "py"
optional = false
python-versions = ">=2.7, !=3.0.*, !=3.1.*, !=3.2.*, !=3.3.*"
version = "1.8.0"

[[package]]
category = "dev"
description = "Python style guide checker"
name = "pycodestyle"
optional = false
python-versions = ">=2.7, !=3.0.*, !=3.1.*, !=3.2.*, !=3.3.*"
version = "2.5.0"

[[package]]
category = "main"
description = "Pure-python FIGlet implementation"
name = "pyfiglet"
optional = true
python-versions = "*"
version = "0.8.post1"

[[package]]
category = "dev"
description = "passive checker of Python programs"
name = "pyflakes"
optional = false
python-versions = ">=2.7, !=3.0.*, !=3.1.*, !=3.2.*, !=3.3.*"
version = "2.1.1"

[[package]]
category = "dev"
description = "Pygments is a syntax highlighting package written in Python."
name = "pygments"
optional = false
python-versions = ">=2.7, !=3.0.*, !=3.1.*, !=3.2.*, !=3.3.*, !=3.4.*"
version = "2.4.2"

[[package]]
category = "dev"
description = "Extension pack for Python Markdown."
name = "pymdown-extensions"
optional = false
python-versions = ">=2.7,!=3.0.*,!=3.1.*,!=3.2.*,!=3.3.*,!=3.4.*"
version = "6.1"

[package.dependencies]
Markdown = ">=3.0.1"
pep562 = "*"

[[package]]
category = "dev"
description = "Python parsing module"
name = "pyparsing"
optional = false
python-versions = ">=2.6, !=3.0.*, !=3.1.*, !=3.2.*"
version = "2.4.2"

[[package]]
category = "main"
description = ""
marker = "sys_platform == \"win32\""
name = "pypiwin32"
optional = true
python-versions = "*"
version = "223"

[package.dependencies]
pywin32 = ">=223"

[[package]]
category = "dev"
description = "pytest: simple powerful testing with Python"
name = "pytest"
optional = false
python-versions = ">=3.5"
version = "5.0.1"

[package.dependencies]
atomicwrites = ">=1.0"
attrs = ">=17.4.0"
colorama = "*"
importlib-metadata = ">=0.12"
more-itertools = ">=4.0.0"
packaging = "*"
pluggy = ">=0.12,<1.0"
py = ">=1.5.0"
wcwidth = "*"

[package.extras]
testing = ["argcomplete", "hypothesis (>=3.56)", "mock", "nose", "requests"]

[[package]]
category = "dev"
description = "Thin-wrapper around the mock package for easier use with py.test"
name = "pytest-mock"
optional = false
python-versions = ">=2.7, !=3.0.*, !=3.1.*, !=3.2.*, !=3.3.*"
version = "1.10.4"

[package.dependencies]
pytest = ">=2.7"

[package.extras]
dev = ["pre-commit", "tox"]

[[package]]
category = "main"
description = "Python for Window Extensions"
marker = "sys_platform == \"win32\""
name = "pywin32"
optional = true
python-versions = "*"
version = "225"

[[package]]
category = "dev"
description = "YAML parser and emitter for Python"
name = "pyyaml"
optional = false
python-versions = ">=2.7, !=3.0.*, !=3.1.*, !=3.2.*, !=3.3.*"
version = "5.1.2"

[[package]]
category = "dev"
description = "Repackaging, call a non-registered package in any directory (with relative call). Used either by modules moved into to a subdirectory or to prepare the import of a non-registered package (in any relative path)."
name = "repackage"
optional = false
python-versions = "*"
version = "0.7.3"

[[package]]
category = "dev"
description = "Python HTTP for Humans."
name = "requests"
optional = false
python-versions = ">=2.7, !=3.0.*, !=3.1.*, !=3.2.*, !=3.3.*, !=3.4.*"
version = "2.22.0"

[package.dependencies]
certifi = ">=2017.4.17"
chardet = ">=3.0.2,<3.1.0"
idna = ">=2.5,<2.9"
urllib3 = ">=1.21.1,<1.25.0 || >1.25.0,<1.25.1 || >1.25.1,<1.26"

[package.extras]
security = ["pyOpenSSL (>=0.14)", "cryptography (>=1.3.4)", "idna (>=2.0.0)"]
socks = ["PySocks (>=1.5.6,<1.5.7 || >1.5.7)", "win-inet-pton"]

[[package]]
category = "dev"
description = "Python 2 and 3 compatibility utilities"
name = "six"
optional = false
python-versions = ">=2.6, !=3.0.*, !=3.1.*"
version = "1.12.0"

[[package]]
category = "dev"
description = "A pure Python implementation of a sliding window memory map manager"
name = "smmap2"
optional = false
python-versions = ">=2.7, !=3.0.*, !=3.1.*, !=3.2.*, !=3.3.*"
version = "2.0.5"

[[package]]
category = "dev"
description = "Python Library for Tom's Obvious, Minimal Language"
name = "toml"
optional = false
python-versions = "*"
version = "0.10.0"

[[package]]
category = "dev"
description = "Tornado is a Python web framework and asynchronous networking library, originally developed at FriendFeed."
name = "tornado"
optional = false
python-versions = ">= 3.5"
version = "6.0.3"

[[package]]
category = "dev"
description = "HTTP library with thread-safe connection pooling, file post, and more."
name = "urllib3"
optional = false
python-versions = ">=2.7, !=3.0.*, !=3.1.*, !=3.2.*, !=3.3.*, <4"
version = "1.25.3"

[package.extras]
brotli = ["brotlipy (>=0.6.0)"]
secure = ["pyOpenSSL (>=0.14)", "cryptography (>=1.3.4)", "idna (>=2.0.0)", "certifi", "ipaddress"]
socks = ["PySocks (>=1.5.6,<1.5.7 || >1.5.7,<2.0)"]

[[package]]
category = "dev"
description = "Virtual Python Environment builder"
name = "virtualenv"
optional = false
python-versions = ">=2.7, !=3.0.*, !=3.1.*, !=3.2.*, !=3.3.*"
version = "16.7.5"

[package.extras]
docs = ["sphinx (>=1.8.0,<2)", "towncrier (>=18.5.0)", "sphinx-rtd-theme (>=0.4.2,<1)"]
testing = ["pytest (>=4.0.0,<5)", "coverage (>=4.5.0,<5)", "pytest-timeout (>=1.3.0,<2)", "six (>=1.10.0,<2)", "pytest-xdist", "pytest-localserver", "pypiserver", "mock", "xonsh"]

[[package]]
category = "main"
description = "Measures number of Terminal column cells of wide-character codes"
name = "wcwidth"
optional = false
python-versions = "*"
version = "0.1.7"

[[package]]
category = "main"
description = "A pythonic Xbox360 controller API built on top of the xpad Linux kernel driver."
name = "xbox360controller"
optional = true
python-versions = "*"
version = "1.1.2"

[[package]]
category = "dev"
description = "Yet Another Terminal Spinner"
name = "yaspin"
optional = false
python-versions = "*"
version = "0.15.0"

[[package]]
category = "dev"
description = "Backport of pathlib-compatible object wrapper for zip files"
name = "zipp"
optional = false
python-versions = ">=2.7"
version = "0.6.0"

[package.dependencies]
more-itertools = "*"

[package.extras]
docs = ["sphinx", "jaraco.packaging (>=3.2)", "rst.linker (>=1.9)"]
testing = ["pathlib2", "contextlib2", "unittest2"]

[extras]
examples = ["xbox360controller", "asciimatics"]

[metadata]
content-hash = "0ef52342ba8399a63312165da6bf4a3bfe4fa43889f8e27c06ffb613ce71e364"
python-versions = "^3.7"

[metadata.hashes]
appdirs = ["9e5896d1372858f8dd3344faf4e5014d21849c756c8d5701f78f8a103b372d92", "d8b24664561d0d34ddfaec54636d502d7cea6e29c3eaf68f3df6180863e2166e"]
asciimatics = ["1d0871133c95fa15c603d471ebb77e39b3389877e2ff2ad5ab3bc906d81b5e8c", "6c7ad130a0663ecb1b3a731b82c51d6662f1d2c4760de2b8ffc9c1faba775360"]
"aspy.yaml" = ["463372c043f70160a9ec950c3f1e4c3a82db5fca01d334b6bc89c7164d744bdc", "e7c742382eff2caed61f87a39d13f99109088e5e93f04d76eb8d4b28aa143f45"]
atomicwrites = ["03472c30eb2c5d1ba9227e4c2ca66ab8287fbfbbda3888aa93dc2e28fc6811b4", "75a9445bac02d8d058d5e1fe689654ba5a6556a1dfd8ce6ec55a0ed79866cfa6"]
attrs = ["69c0dbf2ed392de1cb5ec704444b08a5ef81680a61cb899dc08127123af36a79", "f0b870f674851ecbfbbbd364d6b5cbdff9dcedbc7f3f5e18a6891057f21fe399"]
black = ["09a9dcb7c46ed496a9850b76e4e825d6049ecd38b611f1224857a79bd985a8cf", "68950ffd4d9169716bcb8719a56c07a2f4485354fec061cdd5910aa07369731c"]
"blueye.protocol" = []
certifi = ["e4f3620cfea4f83eedc95b24abd9cd56f3c4b146dd0177e83a21b4eb49e21e50", "fd7c7c74727ddcf00e9acd26bba8da604ffec95bf1c2144e67aff7a8b50e6cef"]
cfgv = ["edb387943b665bf9c434f717bf630fa78aecd53d5900d2e05da6ad6048553144", "fbd93c9ab0a523bf7daec408f3be2ed99a980e20b2d19b50fc184ca6b820d289"]
chardet = ["84ab92ed1c4d4f16916e05906b6b75a6c0fb5db821cc65e70cbd64a3e2a5eaae", "fc323ffcaeaed0e0a02bf4d117757b98aed530d9ed4531e3e15460124c106691"]
click = ["2335065e6395b9e67ca716de5f7526736bfa6ceead690adf616d925bdc622b13", "5b94b49521f6456670fdb30cd82a4eca9412788a93fa6dd6df72c94d5a8ff2d7"]
colorama = ["05eed71e2e327246ad6b38c540c4a3117230b19679b875190486ddd2d721422d", "f8ac84de7840f5b9c4e3347b3c1eaa50f7e49c2b07596221daec5edaabbd7c48"]
entrypoints = ["589f874b313739ad35be6e0cd7efde2a4e9b6fea91edcc34e58ecbb8dbe56d19", "c70dd71abe5a8c85e55e12c19bd91ccfeec11a6e99044204511f9ed547d48451"]
falcon = ["18157af2a4fc3feedf2b5dcc6196f448639acf01c68bc33d4d5a04c3ef87f494", "24adcd2b29a8ffa9d552dc79638cd21736a3fb04eda7d102c6cebafdaadb88ad", "54f2cb4b687035b2a03206dbfc538055cc48b59a953187b0458aa1b574d47b53", "59d1e8c993b9a37ea06df9d72cf907a46cc8063b30717cdac2f34d1658b6f936", "733033ec80c896e30a43ab3e776856096836787197a44eb21022320a61311983", "74cf1d18207381c665b9e6292d65100ce146d958707793174b03869dc6e614f4", "95bf6ce986c1119aef12c9b348f4dee9c6dcc58391bdd0bc2b0bf353c2b15986", "9712975adcf8c6e12876239085ad757b8fdeba223d46d23daef82b47658f83a9", "a5ebb22a04c9cc65081938ee7651b4e3b4d2a28522ea8ec04c7bdd2b3e9e8cd8", "aa184895d1ad4573fbfaaf803563d02f019ebdf4790e41cc568a330607eae439", "e3782b7b92fefd46a6ad1fd8fe63fe6c6f1b7740a95ca56957f48d1aee34b357", "e9efa0791b5d9f9dd9689015ea6bce0a27fcd5ecbcd30e6d940bffa4f7f03389", "eea593cf466b9c126ce667f6d30503624ef24459f118c75594a69353b6c3d5fc", "f93351459f110b4c1ee28556aef9a791832df6f910bea7b3f616109d534df06b"]
flake8 = ["19241c1cbc971b9962473e4438a2ca19749a7dd002dd1a946eaba171b4114548", "8e9dfa3cecb2400b3738a42c54c3043e821682b9c840b0448c0503f781130696"]
future = ["67045236dcfd6816dc439556d009594abf643e5eb48992e36beac09c2ca659b8"]
gitdb2 = ["83361131a1836661a155172932a13c08bda2db3674e4caa32368aa6eb02f38c2", "e3a0141c5f2a3f635c7209d56c496ebe1ad35da82fe4d3ec4aaa36278d70648a"]
gitpython = ["947cc75913e7b6da108458136607e2ee0e40c20be1e12d4284e7c6c12956c276", "d2f4945f8260f6981d724f5957bc076398ada55cb5d25aaee10108bcdc894100"]
htmlmin = ["50c1ef4630374a5d723900096a961cff426dff46b48f34d194a81bbe14eca178"]
hug = ["a04cd002614e8c788d58e5dcd5b932a62e2d2c33d4bd69fd8a3d7ce4e5cf5545", "bbe1390642e324130f60e4f7978bd6ea152d6957ed6e769ad6bc314ddaed5b9b"]
identify = ["4f1fe9a59df4e80fcb0213086fcf502bc1765a01ea4fe8be48da3b65afd2a017", "d8919589bd2a5f99c66302fec0ef9027b12ae150b0b0213999ad3f695fc7296e"]
idna = ["c357b3f628cf53ae2c4c05627ecc484553142ca23264e593d327bcde5e9c3407", "ea8b7f6188e6fa117537c3df7da9fc686d485087abf6ac197f9c46432f7e4a3c"]
importlib-metadata = ["aa18d7378b00b40847790e7c27e11673d7fed219354109d0e7b9e5b25dc3ad26", "d5f18a79777f3aa179c145737780282e27b508fc8fd688cb17c7a813e8bd39af"]
jinja2 = ["065c4f02ebe7f7cf559e49ee5a95fb800a9e4528727aec6f24402a5374c65013", "14dd6caf1527abb21f08f86c784eac40853ba93edb79552aa1e4b8aef1b61c7b"]
jsmin = ["b6df99b2cd1c75d9d342e4335b535789b8da9107ec748212706ef7bbe5c2553b"]
livereload = ["78d55f2c268a8823ba499305dcac64e28ddeb9a92571e12d543cd304faf5817b", "89254f78d7529d7ea0a3417d224c34287ebfe266b05e67e51facaf82c27f0f66"]
mako = ["a36919599a9b7dc5d86a7a8988f23a9a3a3d083070023bab23d64f7f1d1e0a4b"]
markdown = ["2e50876bcdd74517e7b71f3e7a76102050edec255b3983403f1a63e7c8a41e7a", "56a46ac655704b91e5b7e6326ce43d5ef72411376588afa1dd90e881b83c7e8c"]
markupsafe = ["00bc623926325b26bb9605ae9eae8a215691f33cae5df11ca5424f06f2d1f473", "09027a7803a62ca78792ad89403b1b7a73a01c8cb65909cd876f7fcebd79b161", "09c4b7f37d6c648cb13f9230d847adf22f8171b1ccc4d5682398e77f40309235", "1027c282dad077d0bae18be6794e6b6b8c91d58ed8a8d89a89d59693b9131db5", "24982cc2533820871eba85ba648cd53d8623687ff11cbb805be4ff7b4c971aff", "29872e92839765e546828bb7754a68c418d927cd064fd4708fab9fe9c8bb116b", "43a55c2930bbc139570ac2452adf3d70cdbb3cfe5912c71cdce1c2c6bbd9c5d1", "46c99d2de99945ec5cb54f23c8cd5689f6d7177305ebff350a58ce5f8de1669e", "500d4957e52ddc3351cabf489e79c91c17f6e0899158447047588650b5e69183", "535f6fc4d397c1563d08b88e485c3496cf5784e927af890fb3c3aac7f933ec66", "62fe6c95e3ec8a7fad637b7f3d372c15ec1caa01ab47926cfdf7a75b40e0eac1", "6dd73240d2af64df90aa7c4e7481e23825ea70af4b4922f8ede5b9e35f78a3b1", "717ba8fe3ae9cc0006d7c451f0bb265ee07739daf76355d06366154ee68d221e", "79855e1c5b8da654cf486b830bd42c06e8780cea587384cf6545b7d9ac013a0b", "7c1699dfe0cf8ff607dbdcc1e9b9af1755371f92a68f706051cc8c37d447c905", "88e5fcfb52ee7b911e8bb6d6aa2fd21fbecc674eadd44118a9cc3863f938e735", "8defac2f2ccd6805ebf65f5eeb132adcf2ab57aa11fdf4c0dd5169a004710e7d", "98c7086708b163d425c67c7a91bad6e466bb99d797aa64f965e9d25c12111a5e", "9add70b36c5666a2ed02b43b335fe19002ee5235efd4b8a89bfcf9005bebac0d", "9bf40443012702a1d2070043cb6291650a0841ece432556f784f004937f0f32c", "ade5e387d2ad0d7ebf59146cc00c8044acbd863725f887353a10df825fc8ae21", "b00c1de48212e4cc9603895652c5c410df699856a2853135b3967591e4beebc2", "b1282f8c00509d99fef04d8ba936b156d419be841854fe901d8ae224c59f0be5", "b2051432115498d3562c084a49bba65d97cf251f5a331c64a12ee7e04dacc51b", "ba59edeaa2fc6114428f1637ffff42da1e311e29382d81b339c1817d37ec93c6", "c8716a48d94b06bb3b2524c2b77e055fb313aeb4ea620c8dd03a105574ba704f", "cd5df75523866410809ca100dc9681e301e3c27567cf498077e8551b6d20e42f", "e249096428b3ae81b08327a63a485ad0878de3fb939049038579ac0ef61e17e7"]
mccabe = ["ab8a6258860da4b6677da4bd2fe5dc2c659cff31b3ee4f7f5d64e79735b80d42", "dd8d182285a0fe56bace7f45b5e7d1a6ebcbf524e8f3bd87eb0f125271b8831f"]
mkdocs = ["17d34329aad75d5de604b9ed4e31df3a4d235afefdc46ce7b1964fddb2e1e939", "8cc8b38325456b9e942c981a209eaeb1e9f3f77b493ad755bfef889b9c8d356a"]
mkdocs-macros-plugin = ["0574afaa3c7ca2c5428314743cb963a7f49698387cb709b04b85500370d87cef"]
mkdocs-material = ["75807513b2fa904219124f05802ef4e674a7312aa018446ed58054a48a76e66a", "d3e641f634227ce113ebdde1df0a0e0b1eba1d3f1da35344d68095b4270407b2"]
mkdocs-minify-plugin = ["3000a5069dd0f42f56a8aaf7fd5ea1222c67487949617e39585d6b6434b074b6", "d54fdd5be6843dd29fd7af2f7fdd20a9eb4db46f1f6bed914e03b2f58d2d488e"]
more-itertools = ["409cd48d4db7052af495b09dec721011634af3753ae1ef92d2b32f73a745f832", "92b8c4b06dac4f0611c0729b2f2ede52b2e1bac1ab48f089c7ddc12e26bb60c4"]
nodeenv = ["ad8259494cf1c9034539f6cced78a1da4840a4b157e23640bc4a0c0546b0cb7a"]
numpy = ["05dbfe72684cc14b92568de1bc1f41e5f62b00f714afc9adee42f6311738091f", "0d82cb7271a577529d07bbb05cb58675f2deb09772175fab96dc8de025d8ac05", "10132aa1fef99adc85a905d82e8497a580f83739837d7cbd234649f2e9b9dc58", "12322df2e21f033a60c80319c25011194cd2a21294cc66fee0908aeae2c27832", "16f19b3aa775dddc9814e02a46b8e6ae6a54ed8cf143962b4e53f0471dbd7b16", "3d0b0989dd2d066db006158de7220802899a1e5c8cf622abe2d0bd158fd01c2c", "438a3f0e7b681642898fd7993d38e2bf140a2d1eafaf3e89bb626db7f50db355", "5fd214f482ab53f2cea57414c5fb3e58895b17df6e6f5bca5be6a0bb6aea23bb", "73615d3edc84dd7c4aeb212fa3748fb83217e00d201875a47327f55363cef2df", "7bd355ad7496f4ce1d235e9814ec81ee3d28308d591c067ce92e49f745ba2c2f", "7d077f2976b8f3de08a0dcf5d72083f4af5411e8fddacd662aae27baa2601196", "a4092682778dc48093e8bda8d26ee8360153e2047826f95a3f5eae09f0ae3abf", "b458de8624c9f6034af492372eb2fee41a8e605f03f4732f43fc099e227858b2", "e70fc8ff03a961f13363c2c95ef8285e0cf6a720f8271836f852cc0fa64e97c8", "ee8e9d7cad5fe6dde50ede0d2e978d81eafeaa6233fb0b8719f60214cf226578", "f4a4f6aba148858a5a5d546a99280f71f5ee6ec8182a7d195af1a914195b21a2"]
packaging = ["a7ac867b97fdc07ee80a8058fe4435ccd274ecc3b0ed61d852d7d53055528cf9", "c491ca87294da7cc01902edbe30a5bc6c4c28172b5138ab4e4aa1b9d7bfaeafe"]
pdocs = ["23a0346f56c08ab5701ca9b14630aa1f0f32f1c29ee7efcfc8bc512cd272f89b", "9c0d24fdc0e0c537be8f2418edb4f1075da46a0d749b17ea20b74e7e60124f49"]
pep562 = ["58cb1cc9ee63d93e62b4905a50357618d526d289919814bea1f0da8f53b79395", "d2a48b178ebf5f8dd31709cc26a19808ef794561fa2fe50ea01ea2bad4d667ef"]
pillow = ["0804f77cb1e9b6dbd37601cee11283bba39a8d44b9ddb053400c58e0c0d7d9de", "0ab7c5b5d04691bcbd570658667dd1e21ca311c62dcfd315ad2255b1cd37f64f", "0b3e6cf3ea1f8cecd625f1420b931c83ce74f00c29a0ff1ce4385f99900ac7c4", "0c6ce6ae03a50b0306a683696234b8bc88c5b292d4181ae365b89bd90250ab08", "1454ee7297a81c8308ad61d74c849486efa1badc543453c4b90db0bf99decc1c", "23efd7f83f2ad6036e2b9ef27a46df7e333de1ad9087d341d87e12225d0142b2", "365c06a45712cd723ec16fa4ceb32ce46ad201eb7bbf6d3c16b063c72b61a3ed", "38301fbc0af865baa4752ddae1bb3cbb24b3d8f221bf2850aad96b243306fa03", "3aef1af1a91798536bbab35d70d35750bd2884f0832c88aeb2499aa2d1ed4992", "3c86051d41d1c8b28b9dde08ac93e73aa842991995b12771b0af28da49086bbf", "3fe0ab49537d9330c9bba7f16a5f8b02da615b5c809cdf7124f356a0f182eccd", "406c856e0f6fc330322a319457d9ff6162834050cda2cf1eaaaea4b771d01914", "45a619d5c1915957449264c81c008934452e3fd3604e36809212300b2a4dab68", "49f90f147883a0c3778fd29d3eb169d56416f25758d0f66775db9184debc8010", "504f5334bfd974490a86fef3e3b494cd3c332a8a680d2f258ca03388b40ae230", "51fe9cfcd32c849c6f36ca293648f279fc5097ca8dd6e518b10df3a6a9a13431", "571b5a758baf1cb6a04233fb23d6cf1ca60b31f9f641b1700bfaab1194020555", "5ac381e8b1259925287ccc5a87d9cf6322a2dc88ae28a97fe3e196385288413f", "6052a9e9af4a9a2cc01da4bbee81d42d33feca2bde247c4916d8274b12bb31a4", "6153db744a743c0c8c91b8e3b9d40e0b13a5d31dbf8a12748c6d9bfd3ddc01ad", "6fd63afd14a16f5d6b408f623cc2142917a1f92855f0df997e09a49f0341be8a", "70acbcaba2a638923c2d337e0edea210505708d7859b87c2bd81e8f9902ae826", "70b1594d56ed32d56ed21a7fbb2a5c6fd7446cdb7b21e749c9791eac3a64d9e4", "76638865c83b1bb33bcac2a61ce4d13c17dba2204969dedb9ab60ef62bede686", "7b2ec162c87fc496aa568258ac88631a2ce0acfe681a9af40842fc55deaedc99", "7b403ea842b70c4fa0a4969a5d8d86e932c941095b7cda077ea68f7b98ead30b", "7be698a28175eae5354da94f5f3dc787d5efae6aca7ad1f286a781afde6a27dd", "7cee2cef07c8d76894ebefc54e4bb707dfc7f258ad155bd61d87f6cd487a70ff", "7d16d4498f8b374fc625c4037742fbdd7f9ac383fd50b06f4df00c81ef60e829", "82840783842b27933cc6388800cb547f31caf436f7e23384d456bdf5fc8dfe49", "8755e600b33f4e8c76a590b42acc35d24f4dc801a5868519ce569b9462d77598", "9159285ab4030c6f85e001468cb5886de05e6bd9304e9e7d46b983f7d2fad0cc", "b50bc1780681b127e28f0075dfb81d6135c3a293e0c1d0211133c75e2179b6c0", "b5aa19f1da16b4f5e47b6930053f08cba77ceccaed68748061b0ec24860e510c", "bd0582f831ad5bcad6ca001deba4568573a4675437db17c4031939156ff339fa", "cdd53acd3afb9878a2289a1b55807871f9877c81174ae0d3763e52f907131d25", "cfd40d8a4b59f7567620410f966bb1f32dc555b2b19f82a91b147fac296f645c", "e150c5aed6e67321edc6893faa6701581ca2d393472f39142a00e551bcd249a5", "e3ae410089de680e8f84c68b755b42bc42c0ceb8c03dbea88a5099747091d38e", "e403b37c6a253ebca5d0f2e5624643997aaae529dc96299162418ef54e29eb70", "e9046e559c299b395b39ac7dbf16005308821c2f24a63cae2ab173bd6aa11616", "ef6be704ae2bc8ad0ebc5cb850ee9139493b0fc4e81abcc240fb392a63ebc808", "f8dc19d92896558f9c4317ee365729ead9d7bbcf2052a9a19a3ef17abbb8ac5b"]
pluggy = ["0db4b7601aae1d35b4a033282da476845aa19185c1e6964b25cf324b5e4ec3e6", "fa5fa1622fa6dd5c030e9cad086fa19ef6a0cf6d7a2d12318e10cb49d6d68f34"]
portray = ["854338090ae4c82560ae5ff8a4c9b815fdd7276a0aa418c26afdd606f47c7f00", "bef75f30e6a571ce9b85e4f82392312d49877feccd1b8fcaa9febdaab68ef18b"]
pre-commit = ["1d3c0587bda7c4e537a46c27f2c84aa006acc18facf9970bf947df596ce91f3f", "fa78ff96e8e9ac94c748388597693f18b041a181c94a4f039ad20f45287ba44a"]
py = ["64f65755aee5b381cea27766a3a147c3f15b9b6b9ac88676de66ba2ae36793fa", "dc639b046a6e2cff5bbe40194ad65936d6ba360b52b3c3fe1d08a82dd50b5e53"]
pycodestyle = ["95a2219d12372f05704562a14ec30bc76b05a5b297b21a5dfe3f6fac3491ae56", "e40a936c9a450ad81df37f549d676d127b1b66000a6c500caa2b085bc0ca976c"]
pyfiglet = ["c6c2321755d09267b438ec7b936825a4910fec696292139e664ca8670e103639", "d555bcea17fbeaf70eaefa48bb119352487e629c9b56f30f383e2c62dd67a01c"]
pyflakes = ["17dbeb2e3f4d772725c777fabc446d5634d1038f234e77343108ce445ea69ce0", "d976835886f8c5b31d47970ed689944a0262b5f3afa00a5a7b4dc81e5449f8a2"]
pygments = ["71e430bc85c88a430f000ac1d9b331d2407f681d6f6aec95e8bcfbc3df5b0127", "881c4c157e45f30af185c1ffe8d549d48ac9127433f2c380c24b84572ad66297"]
pymdown-extensions = ["24c1a0afbae101c4e2b2675ff4dd936470a90133f93398b9cbe0c855e2d2ec10", "960486dea995f1759dfd517aa140b3d851cd7b44d4c48d276fd2c74fc4e1bce9"]
pyparsing = ["6f98a7b9397e206d78cc01df10131398f1c8b8510a2f4d97d9abd82e1aacdd80", "d9338df12903bbf5d65a0e4e87c2161968b10d2e489652bb47001d82a9b028b4"]
pypiwin32 = ["67adf399debc1d5d14dffc1ab5acacb800da569754fafdc576b2a039485aa775", "71be40c1fbd28594214ecaecb58e7aa8b708eabfa0125c8a109ebd51edbd776a"]
pytest = ["6ef6d06de77ce2961156013e9dff62f1b2688aa04d0dc244299fe7d67e09370d", "a736fed91c12681a7b34617c8fcefe39ea04599ca72c608751c31d89579a3f77"]
pytest-mock = ["43ce4e9dd5074993e7c021bb1c22cbb5363e612a2b5a76bc6d956775b10758b7", "5bf5771b1db93beac965a7347dc81c675ec4090cb841e49d9d34637a25c30568"]
pywin32 = ["0443e9bb196e72480f50cbddc2cf98fbb858a77d02e281ba79489ea3287b36e9", "09bbe7cdb29eb40ab2e83f7a232eeeedde864be7a0622b70a90f456aad07a234", "0d8e0f47808798d320c983574c36c49db642678902933a210edd40157d206fd0", "0db7c9f4b93528afd080d35912a60be2f86a1d6c49c0a9cf9cedd106eed81ea3", "749e590875051661ecefbd9dfa957a485016de0f25e43f5e70f888ef1e29587b", "779d3e9d4b934f2445d2920c3941416d99af72eb7f7fd57a63576cc8aa540ad6", "7c89d2c11a31c7aaa16dc4d25054d7e0e99d6f6b24193cf62c83850484658c87", "81f7732b662c46274d7d8c411c905d53e71999cba95457a0686467c3ebc745ca", "9db1fb8830bfa99c5bfd335d4482c14db5c6f5028db3b006787ef4200206242b", "bd8d04835db28646d9e07fd0ab7c7b18bd90e89dfdc559e60389179495ef30da", "fc6822a68afd79e97b015985dd455767c72009b81bcd18957068626c43f11e75", "fe6cfc2045931866417740b575231c7e12d69d481643be1493487ad53b089959"]
pyyaml = ["0113bc0ec2ad727182326b61326afa3d1d8280ae1122493553fd6f4397f33df9", "01adf0b6c6f61bd11af6e10ca52b7d4057dd0be0343eb9283c878cf3af56aee4", "5124373960b0b3f4aa7df1707e63e9f109b5263eca5976c66e08b1c552d4eaf8", "5ca4f10adbddae56d824b2c09668e91219bb178a1eee1faa56af6f99f11bf696", "7907be34ffa3c5a32b60b95f4d95ea25361c951383a894fec31be7252b2b6f34", "7ec9b2a4ed5cad025c2278a1e6a19c011c80a3caaac804fd2d329e9cc2c287c9", "87ae4c829bb25b9fe99cf71fbb2140c448f534e24c998cc60f39ae4f94396a73", "9de9919becc9cc2ff03637872a440195ac4241c80536632fffeb6a1e25a74299", "a5a85b10e450c66b49f98846937e8cfca1db3127a9d5d1e31ca45c3d0bef4c5b", "b0997827b4f6a7c286c01c5f60384d218dca4ed7d9efa945c3e1aa623d5709ae", "b631ef96d3222e62861443cc89d6563ba3eeb816eeb96b2629345ab795e53681", "bf47c0607522fdbca6c9e817a6e81b08491de50f3766a7a0e6a5be7905961b41", "f81025eddd0327c7d4cfe9b62cf33190e1e736cc6e97502b3ec425f574b3e7a8"]
repackage = ["350fdbb4a297866e9161e80757dd4582a336b0b7259e58926d96b0644c47d204"]
requests = ["11e007a8a2aa0323f5a921e9e6a2d7e4e67d9877e85773fba9ba6419025cbeb4", "9cf5292fcd0f598c671cfc1e0d7d1a7f13bb8085e9a590f48c010551dc6c4b31"]
six = ["3350809f0555b11f552448330d0b52d5f24c91a322ea4a15ef22629740f3761c", "d16a0141ec1a18405cd4ce8b4613101da75da0e9a7aec5bdd4fa804d0e0eba73"]
smmap2 = ["0555a7bf4df71d1ef4218e4807bbf9b201f910174e6e08af2e138d4e517b4dde", "29a9ffa0497e7f2be94ca0ed1ca1aa3cd4cf25a1f6b4f5f87f74b46ed91d609a"]
toml = ["229f81c57791a41d65e399fc06bf0848bab550a9dfd5ed66df18ce5f05e73d5c", "235682dd292d5899d361a811df37e04a8828a5b1da3115886b73cf81ebc9100e", "f1db651f9657708513243e61e6cc67d101a39bad662eaa9b5546f789338e07a3"]
tornado = ["349884248c36801afa19e342a77cc4458caca694b0eda633f5878e458a44cb2c", "398e0d35e086ba38a0427c3b37f4337327231942e731edaa6e9fd1865bbd6f60", "4e73ef678b1a859f0cb29e1d895526a20ea64b5ffd510a2307b5998c7df24281", "559bce3d31484b665259f50cd94c5c28b961b09315ccd838f284687245f416e5", "abbe53a39734ef4aba061fca54e30c6b4639d3e1f59653f0da37a0003de148c7", "c845db36ba616912074c5b1ee897f8e0124df269468f25e4fe21fe72f6edd7a9", "c9399267c926a4e7c418baa5cbe91c7d1cf362d505a1ef898fde44a07c9dd8a5"]
urllib3 = ["b246607a25ac80bedac05c6f282e3cdaf3afb65420fd024ac94435cabe6e18d1", "dbe59173209418ae49d485b87d1681aefa36252ee85884c31346debd19463232"]
virtualenv = ["680af46846662bb38c5504b78bad9ed9e4f3ba2d54f54ba42494fdf94337fe30", "f78d81b62d3147396ac33fc9d77579ddc42cc2a98dd9ea38886f616b33bc7fb2"]
wcwidth = ["3df37372226d6e63e1b1e1eda15c594bca98a22d33a23832a90998faa96bc65e", "f4ebe71925af7b40a864553f761ed559b43544f8f71746c2d756c7fe788ade7c"]
xbox360controller = ["e555ae16f7528ee2ea7528a15178e5c7c71e8e060b88c749071e74b7f6a1c76b"]
yaspin = ["0ee4668936d0053de752c9a4963929faa3a832bd0ba823877d27855592dc80aa", "5a938bdc7bab353fd8942d0619d56c6b5159a80997dc1c387a479b39e6dc9391"]
zipp = ["3718b1cbcd963c7d4c5511a8240812904164b7f381b647143a89d3b98f9bcd8e", "f06903e9f1f43b12d371004b4ac7b06ab39a44adc747266928ae6debfa7b3335"]
